
Microsoft Visual Studio Solution File, Format Version 12.00
# Visual Studio Version 17
VisualStudioVersion = 17.5.33516.290
MinimumVisualStudioVersion = 10.0.40219.1
Project("{9A19103F-16F7-4668-BE54-9A1E7A4F7556}") = "Inicio", "Inicio\Inicio.csproj", "{8B8F238B-4E0B-444C-AD6F-2FBE0B01ED4C}"
EndProject
Project("{9A19103F-16F7-4668-BE54-9A1E7A4F7556}") = "Entidades", "Entidades\Entidades.csproj", "{DA8F3243-4CD6-47D8-B697-D645430186DA}"
EndProject
Project("{FAE04EC0-301F-11D3-BF4B-00C04F79EFBC}") = "TestProject1", "TestProject1\TestProject1.csproj", "{4E446A26-7851-4377-9949-321995600D15}"
EndProject
Global
	GlobalSection(SolutionConfigurationPlatforms) = preSolution
		Debug|Any CPU = Debug|Any CPU
		Release|Any CPU = Release|Any CPU
	EndGlobalSection
	GlobalSection(ProjectConfigurationPlatforms) = postSolution
		{8B8F238B-4E0B-444C-AD6F-2FBE0B01ED4C}.Debug|Any CPU.ActiveCfg = Debug|Any CPU
		{8B8F238B-4E0B-444C-AD6F-2FBE0B01ED4C}.Debug|Any CPU.Build.0 = Debug|Any CPU
		{8B8F238B-4E0B-444C-AD6F-2FBE0B01ED4C}.Release|Any CPU.ActiveCfg = Release|Any CPU
		{8B8F238B-4E0B-444C-AD6F-2FBE0B01ED4C}.Release|Any CPU.Build.0 = Release|Any CPU
		{DA8F3243-4CD6-47D8-B697-D645430186DA}.Debug|Any CPU.ActiveCfg = Debug|Any CPU
		{DA8F3243-4CD6-47D8-B697-D645430186DA}.Debug|Any CPU.Build.0 = Debug|Any CPU
		{DA8F3243-4CD6-47D8-B697-D645430186DA}.Release|Any CPU.ActiveCfg = Release|Any CPU
		{DA8F3243-4CD6-47D8-B697-D645430186DA}.Release|Any CPU.Build.0 = Release|Any CPU
		{4E446A26-7851-4377-9949-321995600D15}.Debug|Any CPU.ActiveCfg = Debug|Any CPU
		{4E446A26-7851-4377-9949-321995600D15}.Debug|Any CPU.Build.0 = Debug|Any CPU
		{4E446A26-7851-4377-9949-321995600D15}.Release|Any CPU.ActiveCfg = Release|Any CPU
		{4E446A26-7851-4377-9949-321995600D15}.Release|Any CPU.Build.0 = Release|Any CPU
	EndGlobalSection
	GlobalSection(SolutionProperties) = preSolution
		HideSolutionNode = FALSE
	EndGlobalSection
	GlobalSection(ExtensibilityGlobals) = postSolution
		SolutionGuid = {291BC0EF-B5AF-4848-8BFA-0C46C8C9A3F2}
	EndGlobalSection
EndGlobal
